
Microsoft Visual Studio Solution File, Format Version 12.00
# Visual Studio Version 17
VisualStudioVersion = 17.1.32319.34
MinimumVisualStudioVersion = 10.0.40219.1
Project("{FAE04EC0-301F-11D3-BF4B-00C04F79EFBC}") = "MysqlProba", "MysqlProba\MysqlProba.csproj", "{D7AE7AB0-B229-4160-84A1-C836C9FEABAD}"
EndProject
Global
	GlobalSection(SolutionConfigurationPlatforms) = preSolution
		Debug|Any CPU = Debug|Any CPU
		Release|Any CPU = Release|Any CPU
	EndGlobalSection
	GlobalSection(ProjectConfigurationPlatforms) = postSolution
		{D7AE7AB0-B229-4160-84A1-C836C9FEABAD}.Debug|Any CPU.ActiveCfg = Debug|Any CPU
		{D7AE7AB0-B229-4160-84A1-C836C9FEABAD}.Debug|Any CPU.Build.0 = Debug|Any CPU
		{D7AE7AB0-B229-4160-84A1-C836C9FEABAD}.Release|Any CPU.ActiveCfg = Release|Any CPU
		{D7AE7AB0-B229-4160-84A1-C836C9FEABAD}.Release|Any CPU.Build.0 = Release|Any CPU
	EndGlobalSection
	GlobalSection(SolutionProperties) = preSolution
		HideSolutionNode = FALSE
	EndGlobalSection
	GlobalSection(ExtensibilityGlobals) = postSolution
		SolutionGuid = {DAEA7C61-9C89-4609-B0DF-3D567A58DDAB}
	EndGlobalSection
EndGlobal
